
Microsoft Visual Studio Solution File, Format Version 12.00
# Visual Studio Version 17
VisualStudioVersion = 17.14.36414.22
MinimumVisualStudioVersion = 10.0.40219.1
Project("{FAE04EC0-301F-11D3-BF4B-00C04F79EFBC}") = "Catalog.API", "Services\Catalog\Catalog.API\Catalog.API.csproj", "{33FC5A32-CDDC-EE43-9CA6-483EA2BFBE99}"
EndProject
Project("{2150E333-8FDC-42A3-9474-1A3956D46DE8}") = "Services", "Services", "{02EA681E-C7D8-13C7-8484-4AC65E1B71E8}"
EndProject
Project("{2150E333-8FDC-42A3-9474-1A3956D46DE8}") = "Catalog", "Catalog", "{6478471D-3522-49BC-B1B9-81D9FA8FF1B9}"
EndProject
Project("{2150E333-8FDC-42A3-9474-1A3956D46DE8}") = "BuildingBlocks", "BuildingBlocks", "{B07F279A-416F-44FB-9A18-40216DDAEAF4}"
EndProject
Project("{FAE04EC0-301F-11D3-BF4B-00C04F79EFBC}") = "BuildingBlocks", "BuildingBlocks\BuildingBlocks\BuildingBlocks.csproj", "{9AC7F6EE-7C2D-4FF3-AF94-D6C5AF4DB650}"
EndProject
Project("{E53339B2-1760-4266-BCC7-CA923CBCF16C}") = "docker-compose", "docker-compose.dcproj", "{81DDED9D-158B-E303-5F62-77A2896D2A5A}"
EndProject
Project("{2150E333-8FDC-42A3-9474-1A3956D46DE8}") = "Basket", "Basket", "{B8DB4E6C-C101-46CB-AB7A-89B6ABBA114E}"
EndProject
Project("{FAE04EC0-301F-11D3-BF4B-00C04F79EFBC}") = "Basket.API", "Services\Basket\Basket.API\Basket.API.csproj", "{17C895AC-1263-4810-8ED6-F7C2C90F899C}"
EndProject
Project("{2150E333-8FDC-42A3-9474-1A3956D46DE8}") = "Discount", "Discount", "{4B820BCD-7EEC-4276-A451-3FCB932092EC}"
EndProject
Project("{FAE04EC0-301F-11D3-BF4B-00C04F79EFBC}") = "Discount.Grpc", "Services\Discount\Discount.Grpc\Discount.Grpc.csproj", "{ECDF7260-6B98-416A-A166-CB99819A55CB}"
EndProject
Project("{2150E333-8FDC-42A3-9474-1A3956D46DE8}") = "Ordering", "Ordering", "{39EE71DD-80A7-48B2-9929-B41AEBC0CE17}"
EndProject
Project("{FAE04EC0-301F-11D3-BF4B-00C04F79EFBC}") = "Ordering.API", "Services\Ordering\Ordering.API\Ordering.API.csproj", "{2F62F4C1-7B3A-4D5F-B83B-50A6BA94F40B}"
EndProject
Project("{FAE04EC0-301F-11D3-BF4B-00C04F79EFBC}") = "Ordering.Domain", "Services\Ordering\Ordering.Domain\Ordering.Domain.csproj", "{30659ADE-D83C-408E-80E2-C94D114A0DFC}"
EndProject
Project("{FAE04EC0-301F-11D3-BF4B-00C04F79EFBC}") = "Ordering.Application", "Services\Ordering\Ordering.Application\Ordering.Application.csproj", "{19DCCC6E-4039-4A89-8DCE-6E1DF0C5F547}"
EndProject
Project("{FAE04EC0-301F-11D3-BF4B-00C04F79EFBC}") = "Ordering.Infrastructure", "Services\Ordering\Ordering.Infrastructure\Ordering.Infrastructure.csproj", "{F5C5D472-25F0-40C8-A366-509EA72D9918}"
EndProject
Project("{FAE04EC0-301F-11D3-BF4B-00C04F79EFBC}") = "BuildingBlocks.Messaging", "BuildingBlocks\BuildingBlocks.Messaging\BuildingBlocks.Messaging.csproj", "{D4C35E07-8E85-4BE0-B3CA-FFE603FCA0C9}"
EndProject
Project("{2150E333-8FDC-42A3-9474-1A3956D46DE8}") = "ApiGateways", "ApiGateways", "{C41EEA86-D7AD-4FB7-80F0-708DB2A8A06A}"
EndProject
Project("{FAE04EC0-301F-11D3-BF4B-00C04F79EFBC}") = "YarpApiGateway", "ApiGateways\YarpApiGateway\YarpApiGateway.csproj", "{57A0416D-F6E7-4802-86AD-9878E9B34E2D}"
EndProject
Project("{2150E333-8FDC-42A3-9474-1A3956D46DE8}") = "WebApps", "WebApps", "{C21650F4-BE25-459D-A468-FC3CACAA91AD}"
EndProject
Project("{FAE04EC0-301F-11D3-BF4B-00C04F79EFBC}") = "Shopping.Web", "WebApps\Shopping.Web\Shopping.Web.csproj", "{0AF8ACC4-6AAC-43AE-8410-246BB15B991C}"
EndProject
Global
	GlobalSection(SolutionConfigurationPlatforms) = preSolution
		Debug|Any CPU = Debug|Any CPU
		Release|Any CPU = Release|Any CPU
	EndGlobalSection
	GlobalSection(ProjectConfigurationPlatforms) = postSolution
		{33FC5A32-CDDC-EE43-9CA6-483EA2BFBE99}.Debug|Any CPU.ActiveCfg = Debug|Any CPU
		{33FC5A32-CDDC-EE43-9CA6-483EA2BFBE99}.Debug|Any CPU.Build.0 = Debug|Any CPU
		{33FC5A32-CDDC-EE43-9CA6-483EA2BFBE99}.Release|Any CPU.ActiveCfg = Release|Any CPU
		{33FC5A32-CDDC-EE43-9CA6-483EA2BFBE99}.Release|Any CPU.Build.0 = Release|Any CPU
		{9AC7F6EE-7C2D-4FF3-AF94-D6C5AF4DB650}.Debug|Any CPU.ActiveCfg = Debug|Any CPU
		{9AC7F6EE-7C2D-4FF3-AF94-D6C5AF4DB650}.Debug|Any CPU.Build.0 = Debug|Any CPU
		{9AC7F6EE-7C2D-4FF3-AF94-D6C5AF4DB650}.Release|Any CPU.ActiveCfg = Release|Any CPU
		{9AC7F6EE-7C2D-4FF3-AF94-D6C5AF4DB650}.Release|Any CPU.Build.0 = Release|Any CPU
		{81DDED9D-158B-E303-5F62-77A2896D2A5A}.Debug|Any CPU.ActiveCfg = Debug|Any CPU
		{81DDED9D-158B-E303-5F62-77A2896D2A5A}.Debug|Any CPU.Build.0 = Debug|Any CPU
		{81DDED9D-158B-E303-5F62-77A2896D2A5A}.Release|Any CPU.ActiveCfg = Release|Any CPU
		{81DDED9D-158B-E303-5F62-77A2896D2A5A}.Release|Any CPU.Build.0 = Release|Any CPU
		{17C895AC-1263-4810-8ED6-F7C2C90F899C}.Debug|Any CPU.ActiveCfg = Debug|Any CPU
		{17C895AC-1263-4810-8ED6-F7C2C90F899C}.Debug|Any CPU.Build.0 = Debug|Any CPU
		{17C895AC-1263-4810-8ED6-F7C2C90F899C}.Release|Any CPU.ActiveCfg = Release|Any CPU
		{17C895AC-1263-4810-8ED6-F7C2C90F899C}.Release|Any CPU.Build.0 = Release|Any CPU
		{ECDF7260-6B98-416A-A166-CB99819A55CB}.Debug|Any CPU.ActiveCfg = Debug|Any CPU
		{ECDF7260-6B98-416A-A166-CB99819A55CB}.Debug|Any CPU.Build.0 = Debug|Any CPU
		{ECDF7260-6B98-416A-A166-CB99819A55CB}.Release|Any CPU.ActiveCfg = Release|Any CPU
		{ECDF7260-6B98-416A-A166-CB99819A55CB}.Release|Any CPU.Build.0 = Release|Any CPU
		{2F62F4C1-7B3A-4D5F-B83B-50A6BA94F40B}.Debug|Any CPU.ActiveCfg = Debug|Any CPU
		{2F62F4C1-7B3A-4D5F-B83B-50A6BA94F40B}.Debug|Any CPU.Build.0 = Debug|Any CPU
		{2F62F4C1-7B3A-4D5F-B83B-50A6BA94F40B}.Release|Any CPU.ActiveCfg = Release|Any CPU
		{2F62F4C1-7B3A-4D5F-B83B-50A6BA94F40B}.Release|Any CPU.Build.0 = Release|Any CPU
		{30659ADE-D83C-408E-80E2-C94D114A0DFC}.Debug|Any CPU.ActiveCfg = Debug|Any CPU
		{30659ADE-D83C-408E-80E2-C94D114A0DFC}.Debug|Any CPU.Build.0 = Debug|Any CPU
		{30659ADE-D83C-408E-80E2-C94D114A0DFC}.Release|Any CPU.ActiveCfg = Release|Any CPU
		{30659ADE-D83C-408E-80E2-C94D114A0DFC}.Release|Any CPU.Build.0 = Release|Any CPU
		{19DCCC6E-4039-4A89-8DCE-6E1DF0C5F547}.Debug|Any CPU.ActiveCfg = Debug|Any CPU
		{19DCCC6E-4039-4A89-8DCE-6E1DF0C5F547}.Debug|Any CPU.Build.0 = Debug|Any CPU
		{19DCCC6E-4039-4A89-8DCE-6E1DF0C5F547}.Release|Any CPU.ActiveCfg = Release|Any CPU
		{19DCCC6E-4039-4A89-8DCE-6E1DF0C5F547}.Release|Any CPU.Build.0 = Release|Any CPU
		{F5C5D472-25F0-40C8-A366-509EA72D9918}.Debug|Any CPU.ActiveCfg = Debug|Any CPU
		{F5C5D472-25F0-40C8-A366-509EA72D9918}.Debug|Any CPU.Build.0 = Debug|Any CPU
		{F5C5D472-25F0-40C8-A366-509EA72D9918}.Release|Any CPU.ActiveCfg = Release|Any CPU
		{F5C5D472-25F0-40C8-A366-509EA72D9918}.Release|Any CPU.Build.0 = Release|Any CPU
		{D4C35E07-8E85-4BE0-B3CA-FFE603FCA0C9}.Debug|Any CPU.ActiveCfg = Debug|Any CPU
		{D4C35E07-8E85-4BE0-B3CA-FFE603FCA0C9}.Debug|Any CPU.Build.0 = Debug|Any CPU
		{D4C35E07-8E85-4BE0-B3CA-FFE603FCA0C9}.Release|Any CPU.ActiveCfg = Release|Any CPU
		{D4C35E07-8E85-4BE0-B3CA-FFE603FCA0C9}.Release|Any CPU.Build.0 = Release|Any CPU
		{57A0416D-F6E7-4802-86AD-9878E9B34E2D}.Debug|Any CPU.ActiveCfg = Debug|Any CPU
		{57A0416D-F6E7-4802-86AD-9878E9B34E2D}.Debug|Any CPU.Build.0 = Debug|Any CPU
		{57A0416D-F6E7-4802-86AD-9878E9B34E2D}.Release|Any CPU.ActiveCfg = Release|Any CPU
		{57A0416D-F6E7-4802-86AD-9878E9B34E2D}.Release|Any CPU.Build.0 = Release|Any CPU
		{0AF8ACC4-6AAC-43AE-8410-246BB15B991C}.Debug|Any CPU.ActiveCfg = Debug|Any CPU
		{0AF8ACC4-6AAC-43AE-8410-246BB15B991C}.Debug|Any CPU.Build.0 = Debug|Any CPU
		{0AF8ACC4-6AAC-43AE-8410-246BB15B991C}.Release|Any CPU.ActiveCfg = Release|Any CPU
		{0AF8ACC4-6AAC-43AE-8410-246BB15B991C}.Release|Any CPU.Build.0 = Release|Any CPU
	EndGlobalSection
	GlobalSection(SolutionProperties) = preSolution
		HideSolutionNode = FALSE
	EndGlobalSection
	GlobalSection(NestedProjects) = preSolution
		{33FC5A32-CDDC-EE43-9CA6-483EA2BFBE99} = {6478471D-3522-49BC-B1B9-81D9FA8FF1B9}
		{6478471D-3522-49BC-B1B9-81D9FA8FF1B9} = {02EA681E-C7D8-13C7-8484-4AC65E1B71E8}
		{9AC7F6EE-7C2D-4FF3-AF94-D6C5AF4DB650} = {B07F279A-416F-44FB-9A18-40216DDAEAF4}
		{B8DB4E6C-C101-46CB-AB7A-89B6ABBA114E} = {02EA681E-C7D8-13C7-8484-4AC65E1B71E8}
		{17C895AC-1263-4810-8ED6-F7C2C90F899C} = {B8DB4E6C-C101-46CB-AB7A-89B6ABBA114E}
		{4B820BCD-7EEC-4276-A451-3FCB932092EC} = {02EA681E-C7D8-13C7-8484-4AC65E1B71E8}
		{ECDF7260-6B98-416A-A166-CB99819A55CB} = {4B820BCD-7EEC-4276-A451-3FCB932092EC}
		{39EE71DD-80A7-48B2-9929-B41AEBC0CE17} = {02EA681E-C7D8-13C7-8484-4AC65E1B71E8}
		{2F62F4C1-7B3A-4D5F-B83B-50A6BA94F40B} = {39EE71DD-80A7-48B2-9929-B41AEBC0CE17}
		{30659ADE-D83C-408E-80E2-C94D114A0DFC} = {39EE71DD-80A7-48B2-9929-B41AEBC0CE17}
		{19DCCC6E-4039-4A89-8DCE-6E1DF0C5F547} = {39EE71DD-80A7-48B2-9929-B41AEBC0CE17}
		{F5C5D472-25F0-40C8-A366-509EA72D9918} = {39EE71DD-80A7-48B2-9929-B41AEBC0CE17}
		{D4C35E07-8E85-4BE0-B3CA-FFE603FCA0C9} = {B07F279A-416F-44FB-9A18-40216DDAEAF4}
		{57A0416D-F6E7-4802-86AD-9878E9B34E2D} = {C41EEA86-D7AD-4FB7-80F0-708DB2A8A06A}
		{0AF8ACC4-6AAC-43AE-8410-246BB15B991C} = {C21650F4-BE25-459D-A468-FC3CACAA91AD}
	EndGlobalSection
	GlobalSection(ExtensibilityGlobals) = postSolution
		SolutionGuid = {6E872CCE-7268-4C58-A8D4-09DCD8682A1D}
	EndGlobalSection
EndGlobal
